dependencies:
- name: mysql
  repository: https://charts.bitnami.com/bitnami
  version: 11.1.17
- name: rabbitmq
  repository: https://charts.bitnami.com/bitnami
  version: 15.0.3
digest: sha256:a4706c60d8f7a0e55cc82d81aa37b2ffc6a5d3078e1c9055a73b5e8a55dfd57d
generated: "2024-10-15T09:44:08.58260875+02:00"
